
Microsoft Visual Studio Solution File, Format Version 12.00
# Visual Studio Version 17
VisualStudioVersion = 17.5.002.0
MinimumVisualStudioVersion = 10.0.40219.1
Project("{9A19103F-16F7-4668-BE54-9A1E7A4F7556}") = "Emojify", "Emojify\Emojify.csproj", "{DB6AA462-1B01-4901-8632-E87B96CC9ABD}"
EndProject
Global
	GlobalSection(SolutionConfigurationPlatforms) = preSolution
		Debug|Any CPU = Debug|Any CPU
		Release|Any CPU = Release|Any CPU
	EndGlobalSection
	GlobalSection(ProjectConfigurationPlatforms) = postSolution
		{DB6AA462-1B01-4901-8632-E87B96CC9ABD}.Debug|Any CPU.ActiveCfg = Debug|Any CPU
		{DB6AA462-1B01-4901-8632-E87B96CC9ABD}.Debug|Any CPU.Build.0 = Debug|Any CPU
		{DB6AA462-1B01-4901-8632-E87B96CC9ABD}.Release|Any CPU.ActiveCfg = Release|Any CPU
		{DB6AA462-1B01-4901-8632-E87B96CC9ABD}.Release|Any CPU.Build.0 = Release|Any CPU
	EndGlobalSection
	GlobalSection(SolutionProperties) = preSolution
		HideSolutionNode = FALSE
	EndGlobalSection
	GlobalSection(ExtensibilityGlobals) = postSolution
		SolutionGuid = {74632DEE-7D88-4A26-A07C-C4789082875D}
	EndGlobalSection
EndGlobal
